
Microsoft Visual Studio Solution File, Format Version 12.00
# Visual Studio 15
VisualStudioVersion = 15.0.28010.2046
MinimumVisualStudioVersion = 10.0.40219.1
Project("{FAE04EC0-301F-11D3-BF4B-00C04F79EFBC}") = "BookStore_Core_Project", "BookStore_Core_Project\BookStore_Core_Project.csproj", "{0CA75743-1E82-4C79-BFB0-5A7B21E6FDA0}"
EndProject
Global
	GlobalSection(SolutionConfigurationPlatforms) = preSolution
		Debug|Any CPU = Debug|Any CPU
		Release|Any CPU = Release|Any CPU
	EndGlobalSection
	GlobalSection(ProjectConfigurationPlatforms) = postSolution
		{0CA75743-1E82-4C79-BFB0-5A7B21E6FDA0}.Debug|Any CPU.ActiveCfg = Debug|Any CPU
		{0CA75743-1E82-4C79-BFB0-5A7B21E6FDA0}.Debug|Any CPU.Build.0 = Debug|Any CPU
		{0CA75743-1E82-4C79-BFB0-5A7B21E6FDA0}.Release|Any CPU.ActiveCfg = Release|Any CPU
		{0CA75743-1E82-4C79-BFB0-5A7B21E6FDA0}.Release|Any CPU.Build.0 = Release|Any CPU
	EndGlobalSection
	GlobalSection(SolutionProperties) = preSolution
		HideSolutionNode = FALSE
	EndGlobalSection
	GlobalSection(ExtensibilityGlobals) = postSolution
		SolutionGuid = {F068193C-576B-4914-9088-23ABE24C5FBD}
	EndGlobalSection
EndGlobal
